lockfileVersion: '6.0'

settings:
  autoInstallPeers: true
  excludeLinksFromLockfile: false

dependencies:
  next:
    specifier: 14.2.4
    version: 14.2.4(react-dom@18.3.1)(react@18.3.1)
  react:
    specifier: ^18
    version: 18.3.1
  react-dom:
    specifier: ^18
    version: 18.3.1(react@18.3.1)

devDependencies:
  '@tailwindcss/postcss':
    specifier: 4.0.0-alpha.17
    version: 4.0.0-alpha.17(postcss@8.4.31)
  '@types/node':
    specifier: ^20
    version: 20.14.10
  '@types/react':
    specifier: ^18
    version: 18.3.3
  '@types/react-dom':
    specifier: ^18
    version: 18.3.0
  tailwindcss:
    specifier: 4.0.0-alpha.17
    version: 4.0.0-alpha.17
  typescript:
    specifier: ^5
    version: 5.5.3

packages:

  /@next/env@14.2.4:
    resolution: {integrity: sha512-3EtkY5VDkuV2+lNmKlbkibIJxcO4oIHEhBWne6PaAp+76J9KoSsGvNikp6ivzAT8dhhBMYrm6op2pS1ApG0Hzg==}
    dev: false

  /@next/swc-darwin-arm64@14.2.4:
    resolution: {integrity: sha512-AH3mO4JlFUqsYcwFUHb1wAKlebHU/Hv2u2kb1pAuRanDZ7pD/A/KPD98RHZmwsJpdHQwfEc/06mgpSzwrJYnNg==}
    engines: {node: '>= 10'}
    cpu: [arm64]
    os: [darwin]
    requiresBuild: true
    dev: false
    optional: true

  /@next/swc-darwin-x64@14.2.4:
    resolution: {integrity: sha512-QVadW73sWIO6E2VroyUjuAxhWLZWEpiFqHdZdoQ/AMpN9YWGuHV8t2rChr0ahy+irKX5mlDU7OY68k3n4tAZTg==}
    engines: {node: '>= 10'}
    cpu: [x64]
    os: [darwin]
    requiresBuild: true
    dev: false
    optional: true

  /@next/swc-linux-arm64-gnu@14.2.4:
    resolution: {integrity: sha512-KT6GUrb3oyCfcfJ+WliXuJnD6pCpZiosx2X3k66HLR+DMoilRb76LpWPGb4tZprawTtcnyrv75ElD6VncVamUQ==}
    engines: {node: '>= 10'}
    cpu: [arm64]
    os: [linux]
    requiresBuild: true
    dev: false
    optional: true

  /@next/swc-linux-arm64-musl@14.2.4:
    resolution: {integrity: sha512-Alv8/XGSs/ytwQcbCHwze1HmiIkIVhDHYLjczSVrf0Wi2MvKn/blt7+S6FJitj3yTlMwMxII1gIJ9WepI4aZ/A==}
    engines: {node: '>= 10'}
    cpu: [arm64]
    os: [linux]
    requiresBuild: true
    dev: false
    optional: true

  /@next/swc-linux-x64-gnu@14.2.4:
    resolution: {integrity: sha512-ze0ShQDBPCqxLImzw4sCdfnB3lRmN3qGMB2GWDRlq5Wqy4G36pxtNOo2usu/Nm9+V2Rh/QQnrRc2l94kYFXO6Q==}
    engines: {node: '>= 10'}
    cpu: [x64]
    os: [linux]
    requiresBuild: true
    dev: false
    optional: true

  /@next/swc-linux-x64-musl@14.2.4:
    resolution: {integrity: sha512-8dwC0UJoc6fC7PX70csdaznVMNr16hQrTDAMPvLPloazlcaWfdPogq+UpZX6Drqb1OBlwowz8iG7WR0Tzk/diQ==}
    engines: {node: '>= 10'}
    cpu: [x64]
    os: [linux]
    requiresBuild: true
    dev: false
    optional: true

  /@next/swc-win32-arm64-msvc@14.2.4:
    resolution: {integrity: sha512-jxyg67NbEWkDyvM+O8UDbPAyYRZqGLQDTPwvrBBeOSyVWW/jFQkQKQ70JDqDSYg1ZDdl+E3nkbFbq8xM8E9x8A==}
    engines: {node: '>= 10'}
    cpu: [arm64]
    os: [win32]
    requiresBuild: true
    dev: false
    optional: true

  /@next/swc-win32-ia32-msvc@14.2.4:
    resolution: {integrity: sha512-twrmN753hjXRdcrZmZttb/m5xaCBFa48Dt3FbeEItpJArxriYDunWxJn+QFXdJ3hPkm4u7CKxncVvnmgQMY1ag==}
    engines: {node: '>= 10'}
    cpu: [ia32]
    os: [win32]
    requiresBuild: true
    dev: false
    optional: true

  /@next/swc-win32-x64-msvc@14.2.4:
    resolution: {integrity: sha512-tkLrjBzqFTP8DVrAAQmZelEahfR9OxWpFR++vAI9FBhCiIxtwHwBHC23SBHCTURBtwB4kc/x44imVOnkKGNVGg==}
    engines: {node: '>= 10'}
    cpu: [x64]
    os: [win32]
    requiresBuild: true
    dev: false
    optional: true

  /@swc/counter@0.1.3:
    resolution: {integrity: sha512-e2BR4lsJkkRlKZ/qCHPw9ZaSxc0MVUd7gtbtaB7aMvHeJVYe8sOB8DBZkP2DtISHGSku9sCK6T6cnY0CtXrOCQ==}
    dev: false

  /@swc/helpers@0.5.5:
    resolution: {integrity: sha512-KGYxvIOXcceOAbEk4bi/dVLEK9z8sZ0uBB3Il5b1rhfClSpcX0yfRO0KmTkqR2cnQDymwLB+25ZyMzICg/cm/A==}
    dependencies:
      '@swc/counter': 0.1.3
      tslib: 2.6.3
    dev: false

  /@tailwindcss/oxide-android-arm64@4.0.0-alpha.17:
    resolution: {integrity: sha512-IBOd4/iQW8tq8YJJgoEECy+wVPnJcAx/kwS45uKTbq5GVK9l8siBEnTiJ7VPnuoo2vQfLlJjshA7ar8nMX589w==}
    engines: {node: '>= 10'}
    cpu: [arm64]
    os: [android]
    requiresBuild: true
    dev: true
    optional: true

  /@tailwindcss/oxide-darwin-arm64@4.0.0-alpha.17:
    resolution: {integrity: sha512-JiV0oe6QmeL/6dDQkk12H+sa/BmH4p7KbaW2/PPOTfFVZjIbM9Qj3drsFwWRuwPTI9mSpJQFxWtdbMYarLVK1w==}
    engines: {node: '>= 10'}
    cpu: [arm64]
    os: [darwin]
    requiresBuild: true
    dev: true
    optional: true

  /@tailwindcss/oxide-darwin-x64@4.0.0-alpha.17:
    resolution: {integrity: sha512-39zvOSxFfiVcQQp1/4dD5kMH6bwKagRO2PLLmlH6EAM7LuIyVsKJwFK5Z+ZYTLoG3hUGUxvCPOjgbqMYvRLJ3w==}
    engines: {node: '>= 10'}
    cpu: [x64]
    os: [darwin]
    requiresBuild: true
    dev: true
    optional: true

  /@tailwindcss/oxide-freebsd-x64@4.0.0-alpha.17:
    resolution: {integrity: sha512-KplmR3Md+B5W0ocH4N3ArLowABlKHKqV6mImURrGriqDhwfVeJyarugx+Uo811D2qSYTqLkQXW7u0esIxBM69w==}
    engines: {node: '>= 10'}
    cpu: [x64]
    os: [freebsd]
    requiresBuild: true
    dev: true
    optional: true

  /@tailwindcss/oxide-linux-arm-gnueabihf@4.0.0-alpha.17:
    resolution: {integrity: sha512-2GZ91U2fkqY9ohaPiQr1UJt0yAaZq7/5tFXvtRUY72PDYfz1PlnvxyDlQ16roepxi+Si52svLmzm7E9g4kVz/g==}
    engines: {node: '>= 10'}
    cpu: [arm]
    os: [linux]
    requiresBuild: true
    dev: true
    optional: true

  /@tailwindcss/oxide-linux-arm64-gnu@4.0.0-alpha.17:
    resolution: {integrity: sha512-11do1KeInnJo7vVJgI2bTJ3YHQ6jirbJB4KcfHS1sn9ArKUFJrgk+32QQGj+Gv39krgzSReNb84Xr+Oi6iCcyA==}
    engines: {node: '>= 10'}
    cpu: [arm64]
    os: [linux]
    requiresBuild: true
    dev: true
    optional: true

  /@tailwindcss/oxide-linux-arm64-musl@4.0.0-alpha.17:
    resolution: {integrity: sha512-qB0XX8iGafq7IJa7yDPVaDLQC2QhjtMgXgKggpgxjtLaSQDVJ53hHmmjglgLSghlHpZ0+mNfQDT8EOzRdhvj7Q==}
    engines: {node: '>= 10'}
    cpu: [arm64]
    os: [linux]
    requiresBuild: true
    dev: true
    optional: true

  /@tailwindcss/oxide-linux-x64-gnu@4.0.0-alpha.17:
    resolution: {integrity: sha512-iTsqmqxdcrLf77SagBIygip656YLEtl2wO5VMoeK3omYviM/ipNH2Vu5HZ6fB/qotX9gVzyz4iQovFAWvp6Azg==}
    engines: {node: '>= 10'}
    cpu: [x64]
    os: [linux]
    requiresBuild: true
    dev: true
    optional: true

  /@tailwindcss/oxide-linux-x64-musl@4.0.0-alpha.17:
    resolution: {integrity: sha512-2bHxD8yXy36dpIFUbDW7LRDKYpZXRcOC0PTVukobmkp+F0p8rEnTcI36DPLGEA8W3+FDIKbGQM4aMb1r/BbGZg==}
    engines: {node: '>= 10'}
    cpu: [x64]
    os: [linux]
    requiresBuild: true
    dev: true
    optional: true

  /@tailwindcss/oxide-win32-x64-msvc@4.0.0-alpha.17:
    resolution: {integrity: sha512-qNFwdHYQoJDfObko0WyutVrFPoaZB5pVkJ6FlR7M/0ylLvx/BR7kfyWZYmivi3DGXZmm4eMFLLYZjBjLHWbvUg==}
    engines: {node: '>= 10'}
    cpu: [x64]
    os: [win32]
    requiresBuild: true
    dev: true
    optional: true

  /@tailwindcss/oxide@4.0.0-alpha.17:
    resolution: {integrity: sha512-5FciVkCRpYRsVRyu8+ldiiOxGgXDJQLMzd5fjPCt7JZWhSZjS/QkXQdBc41Bcice3sgxTtKpKA4ef3sEcOfG/A==}
    engines: {node: '>= 10'}
    optionalDependencies:
      '@tailwindcss/oxide-android-arm64': 4.0.0-alpha.17
      '@tailwindcss/oxide-darwin-arm64': 4.0.0-alpha.17
      '@tailwindcss/oxide-darwin-x64': 4.0.0-alpha.17
      '@tailwindcss/oxide-freebsd-x64': 4.0.0-alpha.17
      '@tailwindcss/oxide-linux-arm-gnueabihf': 4.0.0-alpha.17
      '@tailwindcss/oxide-linux-arm64-gnu': 4.0.0-alpha.17
      '@tailwindcss/oxide-linux-arm64-musl': 4.0.0-alpha.17
      '@tailwindcss/oxide-linux-x64-gnu': 4.0.0-alpha.17
      '@tailwindcss/oxide-linux-x64-musl': 4.0.0-alpha.17
      '@tailwindcss/oxide-win32-x64-msvc': 4.0.0-alpha.17
    dev: true

  /@tailwindcss/postcss@4.0.0-alpha.17(postcss@8.4.31):
    resolution: {integrity: sha512-N0DQOSy+5c1/JkKt1yPja5Kb0QqpkYFFEcV5SK+Cnko+ncsDYOesEfIm00qAtb/9S9SWy5PGNHP7s0U21pWGyA==}
    dependencies:
      '@tailwindcss/oxide': 4.0.0-alpha.17
      lightningcss: 1.25.1
      postcss-import: 16.1.0(postcss@8.4.31)
      tailwindcss: 4.0.0-alpha.17
    transitivePeerDependencies:
      - postcss
    dev: true

  /@types/node@20.14.10:
    resolution: {integrity: sha512-MdiXf+nDuMvY0gJKxyfZ7/6UFsETO7mGKF54MVD/ekJS6HdFtpZFBgrh6Pseu64XTb2MLyFPlbW6hj8HYRQNOQ==}
    dependencies:
      undici-types: 5.26.5
    dev: true

  /@types/prop-types@15.7.12:
    resolution: {integrity: sha512-5zvhXYtRNRluoE/jAp4GVsSduVUzNWKkOZrCDBWYtE7biZywwdC2AcEzg+cSMLFRfVgeAFqpfNabiPjxFddV1Q==}
    dev: true

  /@types/react-dom@18.3.0:
    resolution: {integrity: sha512-EhwApuTmMBmXuFOikhQLIBUn6uFg81SwLMOAUgodJF14SOBOCMdU04gDoYi0WOJJHD144TL32z4yDqCW3dnkQg==}
    dependencies:
      '@types/react': 18.3.3
    dev: true

  /@types/react@18.3.3:
    resolution: {integrity: sha512-hti/R0pS0q1/xx+TsI73XIqk26eBsISZ2R0wUijXIngRK9R/e7Xw/cXVxQK7R5JjW+SV4zGcn5hXjudkN/pLIw==}
    dependencies:
      '@types/prop-types': 15.7.12
      csstype: 3.1.3
    dev: true

  /busboy@1.6.0:
    resolution: {integrity: sha512-8SFQbg/0hQ9xy3UNTB0YEnsNBbWfhf7RtnzpL7TkBiTBRfrQ9Fxcnz7VJsleJpyp6rVLvXiuORqjlHi5q+PYuA==}
    engines: {node: '>=10.16.0'}
    dependencies:
      streamsearch: 1.1.0
    dev: false

  /caniuse-lite@1.0.30001640:
    resolution: {integrity: sha512-lA4VMpW0PSUrFnkmVuEKBUovSWKhj7puyCg8StBChgu298N1AtuF1sKWEvfDuimSEDbhlb/KqPKC3fs1HbuQUA==}
    dev: false

  /client-only@0.0.1:
    resolution: {integrity: sha512-IV3Ou0jSMzZrd3pZ48nLkT9DA7Ag1pnPzaiQhpW7c3RbcqqzvzzVu+L8gfqMp/8IM2MQtSiqaCxrrcfu8I8rMA==}
    dev: false

  /csstype@3.1.3:
    resolution: {integrity: sha512-M1uQkMl8rQK/szD0LNhtqxIPLpimGm8sOBwU7lLnCpSbTyY3yeU1Vc7l4KT5zT4s/yOxHH5O7tIuuLOCnLADRw==}
    dev: true

  /detect-libc@1.0.3:
    resolution: {integrity: sha512-pGjwhsmsp4kL2RTz08wcOlGN83otlqHeD/Z5T8GXZB+/YcpQ/dgo+lbU8ZsGxV0HIvqqxo9l7mqYwyYMD9bKDg==}
    engines: {node: '>=0.10'}
    hasBin: true
    dev: true

  /function-bind@1.1.2:
    resolution: {integrity: sha512-7XHNxH7qX9xG5mIwxkhumTox/MIRNcOgDrxWsMt2pAr23WHp6MrRlN7FBSFpCpr+oVO0F744iUgR82nJMfG2SA==}
    dev: true

  /graceful-fs@4.2.11:
    resolution: {integrity: sha512-RbJ5/jmFcNNCcDV5o9eTnBLJ/HszWV0P73bc+Ff4nS/rJj+YaS6IGyiOL0VoBYX+l1Wrl3k63h/KrH+nhJ0XvQ==}
    dev: false

  /hasown@2.0.2:
    resolution: {integrity: sha512-0hJU9SCPvmMzIBdZFqNPXWa6dqh7WdH0cII9y+CyS8rG3nL48Bclra9HmKhVVUHyPWNH5Y7xDwAB7bfgSjkUMQ==}
    engines: {node: '>= 0.4'}
    dependencies:
      function-bind: 1.1.2
    dev: true

  /is-core-module@2.14.0:
    resolution: {integrity: sha512-a5dFJih5ZLYlRtDc0dZWP7RiKr6xIKzmn/oAYCDvdLThadVgyJwlaoQPmRtMSpz+rk0OGAgIu+TcM9HUF0fk1A==}
    engines: {node: '>= 0.4'}
    dependencies:
      hasown: 2.0.2
    dev: true

  /js-tokens@4.0.0:
    resolution: {integrity: sha512-RdJUflcE3cUzKiMqQgsCu06FPu9UdIJO0beYbPhHN4k6apgJtifcoCtT9bcxOpYBtpD2kCM6Sbzg4CausW/PKQ==}
    dev: false

  /lightningcss-darwin-arm64@1.25.1:
    resolution: {integrity: sha512-G4Dcvv85bs5NLENcu/s1f7ehzE3D5ThnlWSDwE190tWXRQCQaqwcuHe+MGSVI/slm0XrxnaayXY+cNl3cSricw==}
    engines: {node: '>= 12.0.0'}
    cpu: [arm64]
    os: [darwin]
    requiresBuild: true
    dev: true
    optional: true

  /lightningcss-darwin-x64@1.25.1:
    resolution: {integrity: sha512-dYWuCzzfqRueDSmto6YU5SoGHvZTMU1Em9xvhcdROpmtOQLorurUZz8+xFxZ51lCO2LnYbfdjZ/gCqWEkwixNg==}
    engines: {node: '>= 12.0.0'}
    cpu: [x64]
    os: [darwin]
    requiresBuild: true
    dev: true
    optional: true

  /lightningcss-freebsd-x64@1.25.1:
    resolution: {integrity: sha512-hXoy2s9A3KVNAIoKz+Fp6bNeY+h9c3tkcx1J3+pS48CqAt+5bI/R/YY4hxGL57fWAIquRjGKW50arltD6iRt/w==}
    engines: {node: '>= 12.0.0'}
    cpu: [x64]
    os: [freebsd]
    requiresBuild: true
    dev: true
    optional: true

  /lightningcss-linux-arm-gnueabihf@1.25.1:
    resolution: {integrity: sha512-tWyMgHFlHlp1e5iW3EpqvH5MvsgoN7ZkylBbG2R2LWxnvH3FuWCJOhtGcYx9Ks0Kv0eZOBud789odkYLhyf1ng==}
    engines: {node: '>= 12.0.0'}
    cpu: [arm]
    os: [linux]
    requiresBuild: true
    dev: true
    optional: true

  /lightningcss-linux-arm64-gnu@1.25.1:
    resolution: {integrity: sha512-Xjxsx286OT9/XSnVLIsFEDyDipqe4BcLeB4pXQ/FEA5+2uWCCuAEarUNQumRucnj7k6ftkAHUEph5r821KBccQ==}
    engines: {node: '>= 12.0.0'}
    cpu: [arm64]
    os: [linux]
    requiresBuild: true
    dev: true
    optional: true

  /lightningcss-linux-arm64-musl@1.25.1:
    resolution: {integrity: sha512-IhxVFJoTW8wq6yLvxdPvyHv4NjzcpN1B7gjxrY3uaykQNXPHNIpChLB52+wfH+yS58zm1PL4LemUp8u9Cfp6Bw==}
    engines: {node: '>= 12.0.0'}
    cpu: [arm64]
    os: [linux]
    requiresBuild: true
    dev: true
    optional: true

  /lightningcss-linux-x64-gnu@1.25.1:
    resolution: {integrity: sha512-RXIaru79KrREPEd6WLXfKfIp4QzoppZvD3x7vuTKkDA64PwTzKJ2jaC43RZHRt8BmyIkRRlmywNhTRMbmkPYpA==}
    engines: {node: '>= 12.0.0'}
    cpu: [x64]
    os: [linux]
    requiresBuild: true
    dev: true
    optional: true

  /lightningcss-linux-x64-musl@1.25.1:
    resolution: {integrity: sha512-TdcNqFsAENEEFr8fJWg0Y4fZ/nwuqTRsIr7W7t2wmDUlA8eSXVepeeONYcb+gtTj1RaXn/WgNLB45SFkz+XBZA==}
    engines: {node: '>= 12.0.0'}
    cpu: [x64]
    os: [linux]
    requiresBuild: true
    dev: true
    optional: true

  /lightningcss-win32-x64-msvc@1.25.1:
    resolution: {integrity: sha512-9KZZkmmy9oGDSrnyHuxP6iMhbsgChUiu/NSgOx+U1I/wTngBStDf2i2aGRCHvFqj19HqqBEI4WuGVQBa2V6e0A==}
    engines: {node: '>= 12.0.0'}
    cpu: [x64]
    os: [win32]
    requiresBuild: true
    dev: true
    optional: true

  /lightningcss@1.25.1:
    resolution: {integrity: sha512-V0RMVZzK1+rCHpymRv4URK2lNhIRyO8g7U7zOFwVAhJuat74HtkjIQpQRKNCwFEYkRGpafOpmXXLoaoBcyVtBg==}
    engines: {node: '>= 12.0.0'}
    dependencies:
      detect-libc: 1.0.3
    optionalDependencies:
      lightningcss-darwin-arm64: 1.25.1
      lightningcss-darwin-x64: 1.25.1
      lightningcss-freebsd-x64: 1.25.1
      lightningcss-linux-arm-gnueabihf: 1.25.1
      lightningcss-linux-arm64-gnu: 1.25.1
      lightningcss-linux-arm64-musl: 1.25.1
      lightningcss-linux-x64-gnu: 1.25.1
      lightningcss-linux-x64-musl: 1.25.1
      lightningcss-win32-x64-msvc: 1.25.1
    dev: true

  /loose-envify@1.4.0:
    resolution: {integrity: sha512-lyuxPGr/Wfhrlem2CL/UcnUc1zcqKAImBDzukY7Y5F/yQiNdko6+fRLevlw1HgMySw7f611UIY408EtxRSoK3Q==}
    hasBin: true
    dependencies:
      js-tokens: 4.0.0
    dev: false

  /nanoid@3.3.7:
    resolution: {integrity: sha512-eSRppjcPIatRIMC1U6UngP8XFcz8MQWGQdt1MTBQ7NaAmvXDfvNxbvWV3x2y6CdEUciCSsDHDQZbhYaB8QEo2g==}
    engines: {node: ^10 || ^12 || ^13.7 || ^14 || >=15.0.1}
    hasBin: true

  /next@14.2.4(react-dom@18.3.1)(react@18.3.1):
    resolution: {integrity: sha512-R8/V7vugY+822rsQGQCjoLhMuC9oFj9SOi4Cl4b2wjDrseD0LRZ10W7R6Czo4w9ZznVSshKjuIomsRjvm9EKJQ==}
    engines: {node: '>=18.17.0'}
    hasBin: true
    peerDependencies:
      '@opentelemetry/api': ^1.1.0
      '@playwright/test': ^1.41.2
      react: ^18.2.0
      react-dom: ^18.2.0
      sass: ^1.3.0
    peerDependenciesMeta:
      '@opentelemetry/api':
        optional: true
      '@playwright/test':
        optional: true
      sass:
        optional: true
    dependencies:
      '@next/env': 14.2.4
      '@swc/helpers': 0.5.5
      busboy: 1.6.0
      caniuse-lite: 1.0.30001640
      graceful-fs: 4.2.11
      postcss: 8.4.31
      react: 18.3.1
      react-dom: 18.3.1(react@18.3.1)
      styled-jsx: 5.1.1(react@18.3.1)
    optionalDependencies:
      '@next/swc-darwin-arm64': 14.2.4
      '@next/swc-darwin-x64': 14.2.4
      '@next/swc-linux-arm64-gnu': 14.2.4
      '@next/swc-linux-arm64-musl': 14.2.4
      '@next/swc-linux-x64-gnu': 14.2.4
      '@next/swc-linux-x64-musl': 14.2.4
      '@next/swc-win32-arm64-msvc': 14.2.4
      '@next/swc-win32-ia32-msvc': 14.2.4
      '@next/swc-win32-x64-msvc': 14.2.4
    transitivePeerDependencies:
      - '@babel/core'
      - babel-plugin-macros
    dev: false

  /path-parse@1.0.7:
    resolution: {integrity: sha512-LDJzPVEEEPR+y48z93A0Ed0yXb8pAByGWo/k5YYdYgpY2/2EsOsksJrq7lOHxryrVOn1ejG6oAp8ahvOIQD8sw==}
    dev: true

  /picocolors@1.0.1:
    resolution: {integrity: sha512-anP1Z8qwhkbmu7MFP5iTt+wQKXgwzf7zTyGlcdzabySa9vd0Xt392U0rVmz9poOaBj0uHJKyyo9/upk0HrEQew==}

  /pify@2.3.0:
    resolution: {integrity: sha512-udgsAY+fTnvv7kI7aaxbqwWNb0AHiB0qBO89PZKPkoTmGOgdbrHDKD+0B2X4uTfJ/FT1R09r9gTsjUjNJotuog==}
    engines: {node: '>=0.10.0'}
    dev: true

  /postcss-import@16.1.0(postcss@8.4.31):
    resolution: {integrity: sha512-7hsAZ4xGXl4MW+OKEWCnF6T5jqBw80/EE9aXg1r2yyn1RsVEU8EtKXbijEODa+rg7iih4bKf7vlvTGYR4CnPNg==}
    engines: {node: '>=18.0.0'}
    peerDependencies:
      postcss: ^8.0.0
    dependencies:
      postcss: 8.4.31
      postcss-value-parser: 4.2.0
      read-cache: 1.0.0
      resolve: 1.22.8
    dev: true

  /postcss-value-parser@4.2.0:
    resolution: {integrity: sha512-1NNCs6uurfkVbeXG4S8JFT9t19m45ICnif8zWLd5oPSZ50QnwMfK+H3jv408d4jw/7Bttv5axS5IiHoLaVNHeQ==}
    dev: true

  /postcss@8.4.31:
    resolution: {integrity: sha512-PS08Iboia9mts/2ygV3eLpY5ghnUcfLV/EXTOW1E2qYxJKGGBUtNjN76FYHnMs36RmARn41bC0AZmn+rR0OVpQ==}
    engines: {node: ^10 || ^12 || >=14}
    dependencies:
      nanoid: 3.3.7
      picocolors: 1.0.1
      source-map-js: 1.2.0

  /react-dom@18.3.1(react@18.3.1):
    resolution: {integrity: sha512-5m4nQKp+rZRb09LNH59GM4BxTh9251/ylbKIbpe7TpGxfJ+9kv6BLkLBXIjjspbgbnIBNqlI23tRnTWT0snUIw==}
    peerDependencies:
      react: ^18.3.1
    dependencies:
      loose-envify: 1.4.0
      react: 18.3.1
      scheduler: 0.23.2
    dev: false

  /react@18.3.1:
    resolution: {integrity: sha512-wS+hAgJShR0KhEvPJArfuPVN1+Hz1t0Y6n5jLrGQbkb4urgPE/0Rve+1kMB1v/oWgHgm4WIcV+i7F2pTVj+2iQ==}
    engines: {node: '>=0.10.0'}
    dependencies:
      loose-envify: 1.4.0
    dev: false

  /read-cache@1.0.0:
    resolution: {integrity: sha512-Owdv/Ft7IjOgm/i0xvNDZ1LrRANRfew4b2prF3OWMQLxLfu3bS8FVhCsrSCMK4lR56Y9ya+AThoTpDCTxCmpRA==}
    dependencies:
      pify: 2.3.0
    dev: true

  /resolve@1.22.8:
    resolution: {integrity: sha512-oKWePCxqpd6FlLvGV1VU0x7bkPmmCNolxzjMf4NczoDnQcIWrAF+cPtZn5i6n+RfD2d9i0tzpKnG6Yk168yIyw==}
    hasBin: true
    dependencies:
      is-core-module: 2.14.0
      path-parse: 1.0.7
      supports-preserve-symlinks-flag: 1.0.0
    dev: true

  /scheduler@0.23.2:
    resolution: {integrity: sha512-UOShsPwz7NrMUqhR6t0hWjFduvOzbtv7toDH1/hIrfRNIDBnnBWd0CwJTGvTpngVlmwGCdP9/Zl/tVrDqcuYzQ==}
    dependencies:
      loose-envify: 1.4.0
    dev: false

  /source-map-js@1.2.0:
    resolution: {integrity: sha512-itJW8lvSA0TXEphiRoawsCksnlf8SyvmFzIhltqAHluXd88pkCd+cXJVHTDwdCr0IzwptSm035IHQktUu1QUMg==}
    engines: {node: '>=0.10.0'}

  /streamsearch@1.1.0:
    resolution: {integrity: sha512-Mcc5wHehp9aXz1ax6bZUyY5afg9u2rv5cqQI3mRrYkGC8rW2hM02jWuwjtL++LS5qinSyhj2QfLyNsuc+VsExg==}
    engines: {node: '>=10.0.0'}
    dev: false

  /styled-jsx@5.1.1(react@18.3.1):
    resolution: {integrity: sha512-pW7uC1l4mBZ8ugbiZrcIsiIvVx1UmTfw7UkC3Um2tmfUq9Bhk8IiyEIPl6F8agHgjzku6j0xQEZbfA5uSgSaCw==}
    engines: {node: '>= 12.0.0'}
    peerDependencies:
      '@babel/core': '*'
      babel-plugin-macros: '*'
      react: '>= 16.8.0 || 17.x.x || ^18.0.0-0'
    peerDependenciesMeta:
      '@babel/core':
        optional: true
      babel-plugin-macros:
        optional: true
    dependencies:
      client-only: 0.0.1
      react: 18.3.1
    dev: false

  /supports-preserve-symlinks-flag@1.0.0:
    resolution: {integrity: sha512-ot0WnXS9fgdkgIcePe6RHNk1WA8+muPa6cSjeR3V8K27q9BB1rTE3R1p7Hv0z1ZyAc8s6Vvv8DIyWf681MAt0w==}
    engines: {node: '>= 0.4'}
    dev: true

  /tailwindcss@4.0.0-alpha.17:
    resolution: {integrity: sha512-wWr6kvH40Hp1LQVcD738ojwU6+muJnpIUZw3J2EqjOdqHpg3iUIkrrQszP5HP4nwi4qBsoCoHPWVJ3Qw4f1IZw==}
    dev: true

  /tslib@2.6.3:
    resolution: {integrity: sha512-xNvxJEOUiWPGhUuUdQgAJPKOOJfGnIyKySOc09XkKsgdUV/3E2zvwZYdejjmRgPCgcym1juLH3226yA7sEFJKQ==}
    dev: false

  /typescript@5.5.3:
    resolution: {integrity: sha512-/hreyEujaB0w76zKo6717l3L0o/qEUtRgdvUBvlkhoWeOVMjMuHNHk0BRBzikzuGDqNmPQbg5ifMEqsHLiIUcQ==}
    engines: {node: '>=14.17'}
    hasBin: true
    dev: true

  /undici-types@5.26.5:
    resolution: {integrity: sha512-JlCMO+ehdEIKqlFxk6IfVoAUVmgz7cU7zD/h9XZ0qzeosSHmUJVOzSQvvYSYWXkFXC+IfLKSIffhv0sVZup6pA==}
    dev: true
